{
    "_readme": [
        "This file locks the dependencies of your project to a known state",
        "Read more about it at https://getcomposer.org/doc/01-basic-usage.md#installing-dependencies",
        "This file is @generated automatically"
    ],
    "content-hash": "38bf9939362dd14a29fac976e35d905b",
    "packages": [
        {
            "name": "kooser/session",
            "version": "dev-master",
            "source": {
                "type": "git",
                "url": "https://github.com/Kooser6/Session.git",
                "reference": "d34471734d594ebfb0826c632c8c171d51144e2c"
            },
            "dist": {
                "type": "zip",
                "url": "https://api.github.com/repos/Kooser6/Session/zipball/d34471734d594ebfb0826c632c8c171d51144e2c",
                "reference": "d34471734d594ebfb0826c632c8c171d51144e2c",
                "shasum": ""
            },
            "require": {
                "php": ">=7.2"
            },
            "require-dev": {
                "nikic/php-parser": "^4.2",
                "phpstan/phpstan": "^0.11",
                "phpstan/phpstan-strict-rules": "^0.11",
                "symplify/coding-standard": "^5.1",
                "symplify/easy-coding-standard": "^5.1",
                "vimeo/psalm": "^3"
            },
            "type": "library",
            "autoload": {
                "psr-4": {
                    "Kooser\\Session\\": "./src"
                }
            },
            "notification-url": "https://packagist.org/downloads/",
            "license": [
                "MIT"
            ],
            "description": "Securely manage and preserve session data.",
            "time": "2019-04-09T07:57:29+00:00"
        }
    ],
    "packages-dev": [],
    "aliases": [],
    "minimum-stability": "stable",
    "stability-flags": {
        "kooser/session": 20
    },
    "prefer-stable": false,
    "prefer-lowest": false,
    "platform": [],
    "platform-dev": []
}
